
Microsoft Visual Studio Solution File, Format Version 12.00
# Visual Studio Version 17
VisualStudioVersion = 17.1.32414.318
MinimumVisualStudioVersion = 10.0.40219.1
Project("{FAE04EC0-301F-11D3-BF4B-00C04F79EFBC}") = "prong", "prong\prong.csproj", "{D0558680-2249-47FC-BC35-B032FD917BA2}"
EndProject
Global
	GlobalSection(SolutionConfigurationPlatforms) = preSolution
		Debug|Any CPU = Debug|Any CPU
		Release|Any CPU = Release|Any CPU
	EndGlobalSection
	GlobalSection(ProjectConfigurationPlatforms) = postSolution
		{D0558680-2249-47FC-BC35-B032FD917BA2}.Debug|Any CPU.ActiveCfg = Debug|Any CPU
		{D0558680-2249-47FC-BC35-B032FD917BA2}.Debug|Any CPU.Build.0 = Debug|Any CPU
		{D0558680-2249-47FC-BC35-B032FD917BA2}.Release|Any CPU.ActiveCfg = Release|Any CPU
		{D0558680-2249-47FC-BC35-B032FD917BA2}.Release|Any CPU.Build.0 = Release|Any CPU
	EndGlobalSection
	GlobalSection(SolutionProperties) = preSolution
		HideSolutionNode = FALSE
	EndGlobalSection
	GlobalSection(ExtensibilityGlobals) = postSolution
		SolutionGuid = {9C915FCD-85EB-4296-9DDE-7F2B79559CCE}
	EndGlobalSection
EndGlobal
