
Microsoft Visual Studio Solution File, Format Version 12.00
# Visual Studio Version 17
VisualStudioVersion = 17.1.32414.318
MinimumVisualStudioVersion = 10.0.40219.1
Project("{FAE04EC0-301F-11D3-BF4B-00C04F79EFBC}") = "if", "if\if.csproj", "{90EF307E-508B-4224-B1F2-B6182C0652BD}"
EndProject
Global
	GlobalSection(SolutionConfigurationPlatforms) = preSolution
		Debug|Any CPU = Debug|Any CPU
		Release|Any CPU = Release|Any CPU
	EndGlobalSection
	GlobalSection(ProjectConfigurationPlatforms) = postSolution
		{90EF307E-508B-4224-B1F2-B6182C0652BD}.Debug|Any CPU.ActiveCfg = Debug|Any CPU
		{90EF307E-508B-4224-B1F2-B6182C0652BD}.Debug|Any CPU.Build.0 = Debug|Any CPU
		{90EF307E-508B-4224-B1F2-B6182C0652BD}.Release|Any CPU.ActiveCfg = Release|Any CPU
		{90EF307E-508B-4224-B1F2-B6182C0652BD}.Release|Any CPU.Build.0 = Release|Any CPU
	EndGlobalSection
	GlobalSection(SolutionProperties) = preSolution
		HideSolutionNode = FALSE
	EndGlobalSection
	GlobalSection(ExtensibilityGlobals) = postSolution
		SolutionGuid = {060ECB95-A4C9-4181-A6CB-27FAD794A4B6}
	EndGlobalSection
EndGlobal
